
Microsoft Visual Studio Solution File, Format Version 12.00
# Visual Studio 15
VisualStudioVersion = 15.0.26124.0
MinimumVisualStudioVersion = 15.0.26124.0
Project("{FAE04EC0-301F-11D3-BF4B-00C04F79EFBC}") = "Uno", "Uno\Uno.csproj", "{12F07B60-3526-4DDF-8ECC-E4CD8816E74C}"
EndProject
Project("{FAE04EC0-301F-11D3-BF4B-00C04F79EFBC}") = "Uno.Tests", "Uno.Tests\Uno.Tests.csproj", "{7FAC1E42-E5F6-48A2-BC87-1408D971167E}"
EndProject
Project("{FAE04EC0-301F-11D3-BF4B-00C04F79EFBC}") = "Uno.MsTests", "Uno.MsTests\Uno.MsTests.csproj", "{EB0EB263-BCF7-432B-BE97-3BC8AA32D19C}"
EndProject
Project("{FAE04EC0-301F-11D3-BF4B-00C04F79EFBC}") = "Uno.Api", "Uno.Api\Uno.Api.csproj", "{A31133D0-514A-40F7-A83D-6ED0C1082EBB}"
EndProject
Global
	GlobalSection(SolutionConfigurationPlatforms) = preSolution
		Debug|Any CPU = Debug|Any CPU
		Debug|x64 = Debug|x64
		Debug|x86 = Debug|x86
		Release|Any CPU = Release|Any CPU
		Release|x64 = Release|x64
		Release|x86 = Release|x86
	EndGlobalSection
	GlobalSection(SolutionProperties) = preSolution
		HideSolutionNode = FALSE
	EndGlobalSection
	GlobalSection(ProjectConfigurationPlatforms) = postSolution
		{12F07B60-3526-4DDF-8ECC-E4CD8816E74C}.Debug|Any CPU.ActiveCfg = Debug|Any CPU
		{12F07B60-3526-4DDF-8ECC-E4CD8816E74C}.Debug|Any CPU.Build.0 = Debug|Any CPU
		{12F07B60-3526-4DDF-8ECC-E4CD8816E74C}.Debug|x64.ActiveCfg = Debug|x64
		{12F07B60-3526-4DDF-8ECC-E4CD8816E74C}.Debug|x64.Build.0 = Debug|x64
		{12F07B60-3526-4DDF-8ECC-E4CD8816E74C}.Debug|x86.ActiveCfg = Debug|x86
		{12F07B60-3526-4DDF-8ECC-E4CD8816E74C}.Debug|x86.Build.0 = Debug|x86
		{12F07B60-3526-4DDF-8ECC-E4CD8816E74C}.Release|Any CPU.ActiveCfg = Release|Any CPU
		{12F07B60-3526-4DDF-8ECC-E4CD8816E74C}.Release|Any CPU.Build.0 = Release|Any CPU
		{12F07B60-3526-4DDF-8ECC-E4CD8816E74C}.Release|x64.ActiveCfg = Release|x64
		{12F07B60-3526-4DDF-8ECC-E4CD8816E74C}.Release|x64.Build.0 = Release|x64
		{12F07B60-3526-4DDF-8ECC-E4CD8816E74C}.Release|x86.ActiveCfg = Release|x86
		{12F07B60-3526-4DDF-8ECC-E4CD8816E74C}.Release|x86.Build.0 = Release|x86
		{7FAC1E42-E5F6-48A2-BC87-1408D971167E}.Debug|Any CPU.ActiveCfg = Debug|Any CPU
		{7FAC1E42-E5F6-48A2-BC87-1408D971167E}.Debug|Any CPU.Build.0 = Debug|Any CPU
		{7FAC1E42-E5F6-48A2-BC87-1408D971167E}.Debug|x64.ActiveCfg = Debug|x64
		{7FAC1E42-E5F6-48A2-BC87-1408D971167E}.Debug|x64.Build.0 = Debug|x64
		{7FAC1E42-E5F6-48A2-BC87-1408D971167E}.Debug|x86.ActiveCfg = Debug|x86
		{7FAC1E42-E5F6-48A2-BC87-1408D971167E}.Debug|x86.Build.0 = Debug|x86
		{7FAC1E42-E5F6-48A2-BC87-1408D971167E}.Release|Any CPU.ActiveCfg = Release|Any CPU
		{7FAC1E42-E5F6-48A2-BC87-1408D971167E}.Release|Any CPU.Build.0 = Release|Any CPU
		{7FAC1E42-E5F6-48A2-BC87-1408D971167E}.Release|x64.ActiveCfg = Release|x64
		{7FAC1E42-E5F6-48A2-BC87-1408D971167E}.Release|x64.Build.0 = Release|x64
		{7FAC1E42-E5F6-48A2-BC87-1408D971167E}.Release|x86.ActiveCfg = Release|x86
		{7FAC1E42-E5F6-48A2-BC87-1408D971167E}.Release|x86.Build.0 = Release|x86
		{EB0EB263-BCF7-432B-BE97-3BC8AA32D19C}.Debug|Any CPU.ActiveCfg = Debug|Any CPU
		{EB0EB263-BCF7-432B-BE97-3BC8AA32D19C}.Debug|Any CPU.Build.0 = Debug|Any CPU
		{EB0EB263-BCF7-432B-BE97-3BC8AA32D19C}.Debug|x64.ActiveCfg = Debug|x64
		{EB0EB263-BCF7-432B-BE97-3BC8AA32D19C}.Debug|x64.Build.0 = Debug|x64
		{EB0EB263-BCF7-432B-BE97-3BC8AA32D19C}.Debug|x86.ActiveCfg = Debug|x86
		{EB0EB263-BCF7-432B-BE97-3BC8AA32D19C}.Debug|x86.Build.0 = Debug|x86
		{EB0EB263-BCF7-432B-BE97-3BC8AA32D19C}.Release|Any CPU.ActiveCfg = Release|Any CPU
		{EB0EB263-BCF7-432B-BE97-3BC8AA32D19C}.Release|Any CPU.Build.0 = Release|Any CPU
		{EB0EB263-BCF7-432B-BE97-3BC8AA32D19C}.Release|x64.ActiveCfg = Release|x64
		{EB0EB263-BCF7-432B-BE97-3BC8AA32D19C}.Release|x64.Build.0 = Release|x64
		{EB0EB263-BCF7-432B-BE97-3BC8AA32D19C}.Release|x86.ActiveCfg = Release|x86
		{EB0EB263-BCF7-432B-BE97-3BC8AA32D19C}.Release|x86.Build.0 = Release|x86
		{A31133D0-514A-40F7-A83D-6ED0C1082EBB}.Debug|Any CPU.ActiveCfg = Debug|Any CPU
		{A31133D0-514A-40F7-A83D-6ED0C1082EBB}.Debug|Any CPU.Build.0 = Debug|Any CPU
		{A31133D0-514A-40F7-A83D-6ED0C1082EBB}.Debug|x64.ActiveCfg = Debug|x64
		{A31133D0-514A-40F7-A83D-6ED0C1082EBB}.Debug|x64.Build.0 = Debug|x64
		{A31133D0-514A-40F7-A83D-6ED0C1082EBB}.Debug|x86.ActiveCfg = Debug|x86
		{A31133D0-514A-40F7-A83D-6ED0C1082EBB}.Debug|x86.Build.0 = Debug|x86
		{A31133D0-514A-40F7-A83D-6ED0C1082EBB}.Release|Any CPU.ActiveCfg = Release|Any CPU
		{A31133D0-514A-40F7-A83D-6ED0C1082EBB}.Release|Any CPU.Build.0 = Release|Any CPU
		{A31133D0-514A-40F7-A83D-6ED0C1082EBB}.Release|x64.ActiveCfg = Release|x64
		{A31133D0-514A-40F7-A83D-6ED0C1082EBB}.Release|x64.Build.0 = Release|x64
		{A31133D0-514A-40F7-A83D-6ED0C1082EBB}.Release|x86.ActiveCfg = Release|x86
		{A31133D0-514A-40F7-A83D-6ED0C1082EBB}.Release|x86.Build.0 = Release|x86
	EndGlobalSection
EndGlobal
